// !$*UTF8*$!
{
	archiveVersion = 1;
	classes = {
	};
	objectVersion = 50;
	objects = {

/* Begin PBXBuildFile section */
		767410E022F830B700A9A198 /* AppDelegate.m in Sources */ = {isa = PBXBuildFile; fileRef = 767410DF22F830B700A9A198 /* AppDelegate.m */; };
		767410E322F830B700A9A198 /* SceneDelegate.m in Sources */ = {isa = PBXBuildFile; fileRef = 767410E222F830B700A9A198 /* SceneDelegate.m */; };
		767410E622F830B700A9A198 /* ViewController.m in Sources */ = {isa = PBXBuildFile; fileRef = 767410E522F830B700A9A198 /* ViewController.m */; };
		767410E922F830B700A9A198 /* Main.storyboard in Resources */ = {isa = PBXBuildFile; fileRef = 767410E722F830B700A9A198 /* Main.storyboard */; };
		767410EB22F830B800A9A198 /* Assets.xcassets in Resources */ = {isa = PBXBuildFile; fileRef = 767410EA22F830B800A9A198 /* Assets.xcassets */; };
		767410EE22F830B800A9A198 /* LaunchScreen.storyboard in Resources */ = {isa = PBXBuildFile; fileRef = 767410EC22F830B800A9A198 /* LaunchScreen.storyboard */; };
		767410F122F830B800A9A198 /* main.m in Sources */ = {isa = PBXBuildFile; fileRef = 767410F022F830B800A9A198 /* main.m */; };
/* End PBXBuildFile section */

/* Begin PBXFileReference section */
		767410DB22F830B700A9A198 /* BCListDiffable.app */ = {isa = PBXFileReference; explicitFileType = wrapper.application; includeInIndex = 0; path = BCListDiffable.app; sourceTree = BUILT_PRODUCTS_DIR; };
		767410DE22F830B700A9A198 /* AppDelegate.h */ = {isa = PBXFileReference; lastKnownFileType = sourcecode.c.h; path = AppDelegate.h; sourceTree = "<group>"; };
		767410DF22F830B700A9A198 /* AppDelegate.m */ = {isa = PBXFileReference; lastKnownFileType = sourcecode.c.objc; path = AppDelegate.m; sourceTree = "<group>"; };
		767410E122F830B700A9A198 /* SceneDelegate.h */ = {isa = PBXFileReference; lastKnownFileType = sourcecode.c.h; path = SceneDelegate.h; sourceTree = "<group>"; };
		767410E222F830B700A9A198 /* SceneDelegate.m */ = {isa = PBXFileReference; lastKnownFileType = sourcecode.c.objc; path = SceneDelegate.m; sourceTree = "<group>"; };
		767410E422F830B700A9A198 /* ViewController.h */ = {isa = PBXFileReference; lastKnownFileType = sourcecode.c.h; path = ViewController.h; sourceTree = "<group>"; };
		767410E522F830B700A9A198 /* ViewController.m */ = {isa = PBXFileReference; lastKnownFileType = sourcecode.c.objc; path = ViewController.m; sourceTree = "<group>"; };
		767410E822F830B700A9A198 /* Base */ = {isa = PBXFileReference; lastKnownFileType = file.storyboard; name = Base; path = Base.lproj/Main.storyboard; sourceTree = "<group>"; };
		767410EA22F830B800A9A198 /* Assets.xcassets */ = {isa = PBXFileReference; lastKnownFileType = folder.assetcatalog; path = Assets.xcassets; sourceTree = "<group>"; };
		767410ED22F830B800A9A198 /* Base */ = {isa = PBXFileReference; lastKnownFileType = file.storyboard; name = Base; path = Base.lproj/LaunchScreen.storyboard; sourceTree = "<group>"; };
		767410EF22F830B800A9A198 /* Info.plist */ = {isa = PBXFileReference; lastKnownFileType = text.plist.xml; path = Info.plist; sourceTree = "<group>"; };
		767410F022F830B800A9A198 /* main.m */ = {isa = PBXFileReference; lastKnownFileType = sourcecode.c.objc; path = main.m; sourceTree = "<group>"; };
/* End PBXFileReference section */

/* Begin PBXFrameworksBuildPhase section */
		767410D822F830B700A9A198 /* Frameworks */ = {
			isa = PBXFrameworksBuildPhase;
			buildActionMask = 2147483647;
			files = (
			);
			runOnlyForDeploymentPostprocessing = 0;
		};
/* End PBXFrameworksBuildPhase section */

/* Begin PBXGroup section */
		767410D222F830B700A9A198 = {
			isa = PBXGroup;
			children = (
				767410DD22F830B700A9A198 /* BCListDiffable */,
				767410DC22F830B700A9A198 /* Products */,
			);
			sourceTree = "<group>";
		};
		767410DC22F830B700A9A198 /* Products */ = {
			isa = PBXGroup;
			children = (
				767410DB22F830B700A9A198 /* BCListDiffable.app */,
			);
			name = Products;
			sourceTree = "<group>";
		};
		767410DD22F830B700A9A198 /* BCListDiffable */ = {
			isa = PBXGroup;
			children = (
				767410DE22F830B700A9A198 /* AppDelegate.h */,
				767410DF22F830B700A9A198 /* AppDelegate.m */,
				767410E122F830B700A9A198 /* SceneDelegate.h */,
				767410E222F830B700A9A198 /* SceneDelegate.m */,
				767410E422F830B700A9A198 /* ViewController.h */,
				767410E522F830B700A9A198 /* ViewController.m */,
				767410E722F830B700A9A198 /* Main.storyboard */,
				767410EA22F830B800A9A198 /* Assets.xcassets */,
				767410EC22F830B800A9A198 /* LaunchScreen.storyboard */,
				767410EF22F830B800A9A198 /* Info.plist */,
				767410F022F830B800A9A198 /* main.m */,
			);
			path = BCListDiffable;
			sourceTree = "<group>";
		};
/* End PBXGroup section */

/* Begin PBXNativeTarget section */
		767410DA22F830B700A9A198 /* BCListDiffable */ = {
			isa = PBXNativeTarget;
			buildConfigurationList = 767410F422F830B800A9A198 /* Build configuration list for PBXNativeTarget "BCListDiffable" */;
			buildPhases = (
				767410D722F830B700A9A198 /* Sources */,
				767410D822F830B700A9A198 /* Frameworks */,
				767410D922F830B700A9A198 /* Resources */,
			);
			buildRules = (
			);
			dependencies = (
			);
			name = BCListDiffable;
			productName = BCListDiffable;
			productReference = 767410DB22F830B700A9A198 /* BCListDiffable.app */;
			productType = "com.apple.product-type.application";
		};
/* End PBXNativeTarget section */

/* Begin PBXProject section */
		767410D322F830B700A9A198 /* Project object */ = {
			isa = PBXProject;
			attributes = {
				LastUpgradeCheck = 1100;
				ORGANIZATIONNAME = boluchuling;
				TargetAttributes = {
					767410DA22F830B700A9A198 = {
						CreatedOnToolsVersion = 11.0;
					};
				};
			};
			buildConfigurationList = 767410D622F830B700A9A198 /* Build configuration list for PBXProject "BCListDiffable" */;
			compatibilityVersion = "Xcode 9.3";
			developmentRegion = en;
			hasScannedForEncodings = 0;
			knownRegions = (
				en,
				Base,
			);
			mainGroup = 767410D222F830B700A9A198;
			productRefGroup = 767410DC22F830B700A9A198 /* Products */;
			projectDirPath = "";
			projectRoot = "";
			targets = (
				767410DA22F830B700A9A198 /* BCListDiffable */,
			);
		};
/* End PBXProject section */

/* Begin PBXResourcesBuildPhase section */
		767410D922F830B700A9A198 /* Resources */ = {
			isa = PBXResourcesBuildPhase;
			buildActionMask = 2147483647;
			files = (
				767410EE22F830B800A9A198 /* LaunchScreen.storyboard in Resources */,
				767410EB22F830B800A9A198 /* Assets.xcassets in Resources */,
				767410E922F830B700A9A198 /* Main.storyboard in Resources */,
			);
			runOnlyForDeploymentPostprocessing = 0;
		};
/* End PBXResourcesBuildPhase section */

/* Begin PBXSourcesBuildPhase section */
		767410D722F830B700A9A198 /* Sources */ = {
			isa = PBXSourcesBuildPhase;
			buildActionMask = 2147483647;
			files = (
				767410E622F830B700A9A198 /* ViewController.m in Sources */,
				767410E022F830B700A9A198 /* AppDelegate.m in Sources */,
				767410F122F830B800A9A198 /* main.m in Sources */,
				767410E322F830B700A9A198 /* SceneDelegate.m in Sources */,
			);
			runOnlyForDeploymentPostprocessing = 0;
		};
/* End PBXSourcesBuildPhase section */

/* Begin PBXVariantGroup section */
		767410E722F830B700A9A198 /* Main.storyboard */ = {
			isa = PBXVariantGroup;
			children = (
				767410E822F830B700A9A198 /* Base */,
			);
			name = Main.storyboard;
			sourceTree = "<group>";
		};
		767410EC22F830B800A9A198 /* LaunchScreen.storyboard */ = {
			isa = PBXVariantGroup;
			children = (
				767410ED22F830B800A9A198 /* Base */,
			);
			name = LaunchScreen.storyboard;
			sourceTree = "<group>";
		};
/* End PBXVariantGroup section */

/* Begin XCBuildConfiguration section */
		767410F222F830B800A9A198 /* Debug */ = {
			isa = XCBuildConfiguration;
			buildSettings = {
				ALWAYS_SEARCH_USER_PATHS = NO;
				CLANG_ANALYZER_NONNULL = YES;
				CLANG_ANALYZER_NUMBER_OBJECT_CONVERSION = YES_AGGRESSIVE;
				CLANG_CXX_LANGUAGE_STANDARD = "gnu++14";
				CLANG_CXX_LIBRARY = "libc++";
				CLANG_ENABLE_MODULES = YES;
				CLANG_ENABLE_OBJC_ARC = YES;
				CLANG_ENABLE_OBJC_WEAK = YES;
				CLANG_WARN_BLOCK_CAPTURE_AUTORELEASING = YES;
				CLANG_WARN_BOOL_CONVERSION = YES;
				CLANG_WARN_COMMA = YES;
				CLANG_WARN_CONSTANT_CONVERSION = YES;
				CLANG_WARN_DEPRECATED_OBJC_IMPLEMENTATIONS = YES;
				CLANG_WARN_DIRECT_OBJC_ISA_USAGE = YES_ERROR;
				CLANG_WARN_DOCUMENTATION_COMMENTS = YES;
				CLANG_WARN_EMPTY_BODY = YES;
				CLANG_WARN_ENUM_CONVERSION = YES;
				CLANG_WARN_INFINITE_RECURSION = YES;
				CLANG_WARN_INT_CONVERSION = YES;
				CLANG_WARN_NON_LITERAL_NULL_CONVERSION = YES;
				CLANG_WARN_OBJC_IMPLICIT_RETAIN_SELF = YES;
				CLANG_WARN_OBJC_LITERAL_CONVERSION = YES;
				CLANG_WARN_OBJC_ROOT_CLASS = YES_ERROR;
				CLANG_WARN_RANGE_LOOP_ANALYSIS = YES;
				CLANG_WARN_STRICT_PROTOTYPES = YES;
				CLANG_WARN_SUSPICIOUS_MOVE = YES;
				CLANG_WARN_UNGUARDED_AVAILABILITY = YES_AGGRESSIVE;
				CLANG_WARN_UNREACHABLE_CODE = YES;
				CLANG_WARN__DUPLICATE_METHOD_MATCH = YES;
				COPY_PHASE_STRIP = NO;
				DEBUG_INFORMATION_FORMAT = dwarf;
				ENABLE_STRICT_OBJC_MSGSEND = YES;
				ENABLE_TESTABILITY = YES;
				GCC_C_LANGUAGE_STANDARD = gnu11;
				GCC_DYNAMIC_NO_PIC = NO;
				GCC_NO_COMMON_BLOCKS = YES;
				GCC_OPTIMIZATION_LEVEL = 0;
				GCC_PREPROCESSOR_DEFINITIONS = (
					"DEBUG=1",
					"$(inherited)",
				);
				GCC_WARN_64_TO_32_BIT_CONVERSION = YES;
				GCC_WARN_ABOUT_RETURN_TYPE = YES_ERROR;
				GCC_WARN_UNDECLARED_SELECTOR = YES;
				GCC_WARN_UNINITIALIZED_AUTOS = YES_AGGRESSIVE;
				GCC_WARN_UNUSED_FUNCTION = YES;
				GCC_WARN_UNUSED_VARIABLE = YES;
				IPHONEOS_DEPLOYMENT_TARGET = 13.0;
				MTL_ENABLE_DEBUG_INFO = INCLUDE_SOURCE;
				MTL_FAST_MATH = YES;
				ONLY_ACTIVE_ARCH = YES;
				SDKROOT = iphoneos;
			};
			name = Debug;
		};
		767410F322F830B800A9A198 /* Release */ = {
			isa = XCBuildConfiguration;
			buildSettings = {
				ALWAYS_SEARCH_USER_PATHS = NO;
				CLANG_ANALYZER_NONNULL = YES;
				CLANG_ANALYZER_NUMBER_OBJECT_CONVERSION = YES_AGGRESSIVE;
				CLANG_CXX_LANGUAGE_STANDARD = "gnu++14";
				CLANG_CXX_LIBRARY = "libc++";
				CLANG_ENABLE_MODULES = YES;
				CLANG_ENABLE_OBJC_ARC = YES;
				CLANG_ENABLE_OBJC_WEAK = YES;
				CLANG_WARN_BLOCK_CAPTURE_AUTORELEASING = YES;
				CLANG_WARN_BOOL_CONVERSION = YES;
				CLANG_WARN_COMMA = YES;
				CLANG_WARN_CONSTANT_CONVERSION = YES;
				CLANG_WARN_DEPRECATED_OBJC_IMPLEMENTATIONS = YES;
				CLANG_WARN_DIRECT_OBJC_ISA_USAGE = YES_ERROR;
				CLANG_WARN_DOCUMENTATION_COMMENTS = YES;
				CLANG_WARN_EMPTY_BODY = YES;
				CLANG_WARN_ENUM_CONVERSION = YES;
				CLANG_WARN_INFINITE_RECURSION = YES;
				CLANG_WARN_INT_CONVERSION = YES;
				CLANG_WARN_NON_LITERAL_NULL_CONVERSION = YES;
				CLANG_WARN_OBJC_IMPLICIT_RETAIN_SELF = YES;
				CLANG_WARN_OBJC_LITERAL_CONVERSION = YES;
				CLANG_WARN_OBJC_ROOT_CLASS = YES_ERROR;
				CLANG_WARN_RANGE_LOOP_ANALYSIS = YES;
				CLANG_WARN_STRICT_PROTOTYPES = YES;
				CLANG_WARN_SUSPICIOUS_MOVE = YES;
				CLANG_WARN_UNGUARDED_AVAILABILITY = YES_AGGRESSIVE;
				CLANG_WARN_UNREACHABLE_CODE = YES;
				CLANG_WARN__DUPLICATE_METHOD_MATCH = YES;
				COPY_PHASE_STRIP = NO;
				DEBUG_INFORMATION_FORMAT = "dwarf-with-dsym";
				ENABLE_NS_ASSERTIONS = NO;
				ENABLE_STRICT_OBJC_MSGSEND = YES;
				GCC_C_LANGUAGE_STANDARD = gnu11;
				GCC_NO_COMMON_BLOCKS = YES;
				GCC_WARN_64_TO_32_BIT_CONVERSION = YES;
				GCC_WARN_ABOUT_RETURN_TYPE = YES_ERROR;
				GCC_WARN_UNDECLARED_SELECTOR = YES;
				GCC_WARN_UNINITIALIZED_AUTOS = YES_AGGRESSIVE;
				GCC_WARN_UNUSED_FUNCTION = YES;
				GCC_WARN_UNUSED_VARIABLE = YES;
				IPHONEOS_DEPLOYMENT_TARGET = 13.0;
				MTL_ENABLE_DEBUG_INFO = NO;
				MTL_FAST_MATH = YES;
				SDKROOT = iphoneos;
				VALIDATE_PRODUCT = YES;
			};
			name = Release;
		};
		767410F522F830B800A9A198 /* Debug */ = {
			isa = XCBuildConfiguration;
			buildSettings = {
				ASSETCATALOG_COMPILER_APPICON_NAME = AppIcon;
				CODE_SIGN_STYLE = Automatic;
				INFOPLIST_FILE = BCListDiffable/Info.plist;
				LD_RUNPATH_SEARCH_PATHS = (
					"$(inherited)",
					"@executable_path/Frameworks",
				);
				PRODUCT_BUNDLE_IDENTIFIER = com.boluchuling.BCListDiffable;
				PRODUCT_NAME = "$(TARGET_NAME)";
				TARGETED_DEVICE_FAMILY = "1,2";
			};
			name = Debug;
		};
		767410F622F830B800A9A198 /* Release */ = {
			isa = XCBuildConfiguration;
			buildSettings = {
				ASSETCATALOG_COMPILER_APPICON_NAME = AppIcon;
				CODE_SIGN_STYLE = Automatic;
				INFOPLIST_FILE = BCListDiffable/Info.plist;
				LD_RUNPATH_SEARCH_PATHS = (
					"$(inherited)",
					"@executable_path/Frameworks",
				);
				PRODUCT_BUNDLE_IDENTIFIER = com.boluchuling.BCListDiffable;
				PRODUCT_NAME = "$(TARGET_NAME)";
				TARGETED_DEVICE_FAMILY = "1,2";
			};
			name = Release;
		};
/* End XCBuildConfiguration section */

/* Begin XCConfigurationList section */
		767410D622F830B700A9A198 /* Build configuration list for PBXProject "BCListDiffable" */ = {
			isa = XCConfigurationList;
			buildConfigurations = (
				767410F222F830B800A9A198 /* Debug */,
				767410F322F830B800A9A198 /* Release */,
			);
			defaultConfigurationIsVisible = 0;
			defaultConfigurationName = Release;
		};
		767410F422F830B800A9A198 /* Build configuration list for PBXNativeTarget "BCListDiffable" */ = {
			isa = XCConfigurationList;
			buildConfigurations = (
				767410F522F830B800A9A198 /* Debug */,
				767410F622F830B800A9A198 /* Release */,
			);
			defaultConfigurationIsVisible = 0;
			defaultConfigurationName = Release;
		};
/* End XCConfigurationList section */
	};
	rootObject = 767410D322F830B700A9A198 /* Project object */;
}
